
Microsoft Visual Studio Solution File, Format Version 11.00
# Visual Studio 2010
Project("{FAE04EC0-301F-11D3-BF4B-00C04F79EFBC}") = "TestMVCGIT", "TestMVCGIT\TestMVCGIT.csproj", "{B554C4D5-70B3-41A8-9FFE-DFF19D7AC375}"
EndProject
Project("{FAE04EC0-301F-11D3-BF4B-00C04F79EFBC}") = "TestMVCGIT.Tests", "TestMVCGIT.Tests\TestMVCGIT.Tests.csproj", "{E0D43A32-6EE0-486A-AE9B-D642EA94C12C}"
EndProject
Global
	GlobalSection(SolutionConfigurationPlatforms) = preSolution
		Debug|Any CPU = Debug|Any CPU
		Release|Any CPU = Release|Any CPU
	EndGlobalSection
	GlobalSection(ProjectConfigurationPlatforms) = postSolution
		{B554C4D5-70B3-41A8-9FFE-DFF19D7AC375}.Debug|Any CPU.ActiveCfg = Debug|Any CPU
		{B554C4D5-70B3-41A8-9FFE-DFF19D7AC375}.Debug|Any CPU.Build.0 = Debug|Any CPU
		{B554C4D5-70B3-41A8-9FFE-DFF19D7AC375}.Release|Any CPU.ActiveCfg = Release|Any CPU
		{B554C4D5-70B3-41A8-9FFE-DFF19D7AC375}.Release|Any CPU.Build.0 = Release|Any CPU
		{E0D43A32-6EE0-486A-AE9B-D642EA94C12C}.Debug|Any CPU.ActiveCfg = Debug|Any CPU
		{E0D43A32-6EE0-486A-AE9B-D642EA94C12C}.Debug|Any CPU.Build.0 = Debug|Any CPU
		{E0D43A32-6EE0-486A-AE9B-D642EA94C12C}.Release|Any CPU.ActiveCfg = Release|Any CPU
		{E0D43A32-6EE0-486A-AE9B-D642EA94C12C}.Release|Any CPU.Build.0 = Release|Any CPU
	EndGlobalSection
	GlobalSection(SolutionProperties) = preSolution
		HideSolutionNode = FALSE
	EndGlobalSection
EndGlobal
